
Microsoft Visual Studio Solution File, Format Version 12.00
# Visual Studio Express 2012 for Windows Desktop
Project("{FAE04EC0-301F-11D3-BF4B-00C04F79EFBC}") = "RealPhysics", "RealPhysics\RealPhysics.csproj", "{73C68D77-4E8C-4548-B17C-7E00C8506B56}"
EndProject
Global
	GlobalSection(SolutionConfigurationPlatforms) = preSolution
		Debug|Any CPU = Debug|Any CPU
		Release|Any CPU = Release|Any CPU
	EndGlobalSection
	GlobalSection(ProjectConfigurationPlatforms) = postSolution
		{73C68D77-4E8C-4548-B17C-7E00C8506B56}.Debug|Any CPU.ActiveCfg = Debug|Any CPU
		{73C68D77-4E8C-4548-B17C-7E00C8506B56}.Debug|Any CPU.Build.0 = Debug|Any CPU
		{73C68D77-4E8C-4548-B17C-7E00C8506B56}.Release|Any CPU.ActiveCfg = Release|Any CPU
		{73C68D77-4E8C-4548-B17C-7E00C8506B56}.Release|Any CPU.Build.0 = Release|Any CPU
	EndGlobalSection
	GlobalSection(SolutionProperties) = preSolution
		HideSolutionNode = FALSE
	EndGlobalSection
EndGlobal
